<Solution>
  <Configurations>
    <Platform Name="Any CPU" />
    <Platform Name="x64" />
    <Platform Name="x86" />
  </Configurations>

  <Project Path="abptestwithsso.IdentityService/abptestwithsso.IdentityService.csproj" />
  <Project Path="abptestwithsso.IdentityService.Contracts/abptestwithsso.IdentityService.Contracts.csproj" />
  <Project Path="abptestwithsso.IdentityService.Tests/abptestwithsso.IdentityService.Tests.csproj" />
</Solution>
