{
  "version": 1,
  "dependencies": {
    "net10.0": {
      "Microsoft.AspNetCore.DataProtection.StackExchangeRedis": {
        "type": "Direct",
        "requested": "[10.0.10, )",
        "resolved": "10.0.10",
        "contentHash": "cbAS0fCaHRF201gdtopfEwxW3CbWRX5/ScaAixbG0h33fQIoHUFMktCSVvpnfCvgUs6l9fmn/ZU2FeJGZ2/rGg==",
        "dependencies": {
          "StackExchange.Redis": "2.7.27"
        }
      },
      "Serilog.AspNetCore": {
        "type": "Direct",
        "requested": "[9.0.0, )",
        "resolved": "9.0.0",
        "contentHash": "JslDajPlBsn3Pww1554flJFTqROvK9zz9jONNQgn0D8Lx2Trw8L0A8/n6zEQK1DAZWXrJwiVLw8cnTR3YFuYsg==",
        "dependencies": {
          "Serilog": "4.2.0",
          "Serilog.Extensions.Hosting": "9.0.0",
          "Serilog.Formatting.Compact": "3.0.0",
          "Serilog.Settings.Configuration": "9.0.0",
          "Serilog.Sinks.Console": "6.0.0",
          "Serilog.Sinks.Debug": "3.0.0",
          "Serilog.Sinks.File": "6.0.0"
        }
      },
      "Serilog.Sinks.Async": {
        "type": "Direct",
        "requested": "[2.1.0, )",
        "resolved": "2.1.0",
        "contentHash": "SnmRknWsSMgyo9wDXeZZCqSp48kkQYy44taSM6vcpxfiRICzSf09oLKEmVr0RCwQnfd8mJQ2WNN6nvhqf0RowQ==",
        "dependencies": {
          "Serilog": "4.1.0"
        }
      },
      "Serilog.Sinks.Console": {
        "type": "Direct",
        "requested": "[6.0.0, )",
        "resolved": "6.0.0",
        "contentHash": "fQGWqVMClCP2yEyTXPIinSr5c+CBGUvBybPxjAGcf7ctDhadFhrQw03Mv8rJ07/wR5PDfFjewf2LimvXCDzpbA==",
        "dependencies": {
          "Serilog": "4.0.0"
        }
      },
      "Volo.Abp.AspNetCore.Mvc": {
        "type": "Direct",
        "requested": "[10.6.0, )",
        "resolved": "10.6.0",
        "contentHash": "HuQqrNVpGSw2m+H8xWQY3pzZmZF7MlzKEOI+s0YZelNqaTWoH3g9+yNk9Eq0SEiT9LXz2mLRhfmWgbVs7z1Yjg==",
        "dependencies": {
          "Asp.Versioning.Mvc": "8.1.0",
          "Asp.Versioning.Mvc.ApiExplorer": "8.1.0",
          "Volo.Abp.ApiVersioning.Abstractions": "10.6.0",
          "Volo.Abp.AspNetCore": "10.6.0",
          "Volo.Abp.AspNetCore.Mvc.Contracts": "10.6.0",
          "Volo.Abp.Ddd.Application": "10.6.0",
          "Volo.Abp.GlobalFeatures": "10.6.0",
          "Volo.Abp.Localization": "10.6.0",
          "Volo.Abp.UI.Navigation": "10.6.0"
        }
      },
      "Volo.Abp.AspNetCore.Serilog": {
        "type": "Direct",
        "requested": "[10.6.0, )",
        "resolved": "10.6.0",
        "contentHash": "pT9c4gfuUU6+ZYcbS86CYKurEXNYN4l2L0MR5atUU2G05ACu65dxgxHDXrNs5WeYhMwAOlYTU/m+2hasKDI7mA==",
        "dependencies": {
          "Serilog": "4.3.0",
          "Volo.Abp.AspNetCore": "10.6.0",
          "Volo.Abp.MultiTenancy": "10.6.0"
        }
      },
      "Volo.Abp.Autofac": {
        "type": "Direct",
        "requested": "[10.6.0, )",
        "resolved": "10.6.0",
        "contentHash": "UGlsP1KlEDgGTPvXs33oemkcgLTsEkp17UZEk465T0m1EHUe/Puzsdkf0ZaTgkyb9+zcMCavsX2siCh05Ho36A==",
        "dependencies": {
          "Autofac": "9.1.0",
          "Autofac.Extensions.DependencyInjection": "11.0.0",
          "Autofac.Extras.DynamicProxy": "7.1.0",
          "Microsoft.Bcl.AsyncInterfaces": "10.0.9",
          "Volo.Abp.Castle.Core": "10.6.0"
        }
      },
      "Volo.Abp.Security": {
        "type": "Direct",
        "requested": "[10.6.0, )",
        "resolved": "10.6.0",
        "contentHash": "qs853fpvbGNJD0+CooZ0OthePdIhBp5BNgqrq7CScUfwclGc3izDFgZfB6Y8qPydj8Ne8y3ReL3lq9OBXQu4VA==",
        "dependencies": {
          "Volo.Abp.Core": "10.6.0"
        }
      },
      "Yarp.ReverseProxy": {
        "type": "Direct",
        "requested": "[2.3.0, )",
        "resolved": "2.3.0",
        "contentHash": "gxtkN3a+9biu9V9Zd5NaTO6VZWXAnS2mhQ0R/VXmSPoTuiQNZsakKikrKpDtKxrL5nUYzbRsHtl40WNq+ZBKKg==",
        "dependencies": {
          "System.IO.Hashing": "8.0.0"
        }
      },
      "Asp.Versioning.Abstractions": {
        "type": "Transitive",
        "resolved": "8.1.0",
        "contentHash": "mpeNZyMdvrHztJwR1sXIUQ+3iioEU97YMBnFA9WLbsPOYhGwDJnqJMmEd8ny7kcmS9OjTHoEuX/bSXXY3brIFA=="
      },
      "Asp.Versioning.Http": {
        "type": "Transitive",
        "resolved": "8.1.0",
        "contentHash": "Xu4xF62Cu9JqYi/CTa2TiK5kyHoa4EluPynj/bPFWDmlTIPzuJQbBI5RgFYVRFHjFVvWMoA77acRaFu7i7Wzqg==",
        "dependencies": {
          "Asp.Versioning.Abstractions": "8.1.0"
        }
      },
      "Asp.Versioning.Mvc": {
        "type": "Transitive",
        "resolved": "8.1.0",
        "contentHash": "BMAJM2sGsTUw5FQ9upKQt6GFoldWksePgGpYjl56WSRvIuE3UxKZh0gAL+wDTIfLshUZm97VCVxlOGyrcjWz9Q==",
        "dependencies": {
          "Asp.Versioning.Http": "8.1.0"
        }
      },
      "Asp.Versioning.Mvc.ApiExplorer": {
        "type": "Transitive",
        "resolved": "8.1.0",
        "contentHash": "a90gW/4TF/14Bjiwg9LqNtdKGC4G3gu02+uynq3bCISfQm48km5chny4Yg5J4hixQPJUwwJJ9Do1G+jM8L9h3g==",
        "dependencies": {
          "Asp.Versioning.Mvc": "8.1.0"
        }
      },
      "Autofac": {
        "type": "Transitive",
        "resolved": "9.1.0",
        "contentHash": "onT/BcnnfWcQNXiuC7R/0h8ALQzRdsAI20gpB7nfrudXpFMXdVZKz1umdtHXDwjc/bmWEsrCBAxck3+Arnk15g=="
      },
      "Autofac.Extensions.DependencyInjection": {
        "type": "Transitive",
        "resolved": "11.0.0",
        "contentHash": "/FSrJyYEsptkV9O3L95dTAoGO6XGSQFDENWHFcHxW0oQIEvW56Mgr01qO53EIEIDDvMFqszBU+uIm9fzGARLPQ==",
        "dependencies": {
          "Autofac": "9.1.0"
        }
      },
      "Autofac.Extras.DynamicProxy": {
        "type": "Transitive",
        "resolved": "7.1.0",
        "contentHash": "Da6Szv7A1LK/cTdeoyqS45zb/BC5vep8+86f6C1oh2UhZaYtiijlNfLWamp3lxe0uUQ33kFe1dDCjsvfwJWzLg==",
        "dependencies": {
          "Autofac": "6.5.0",
          "Castle.Core": "5.1.1"
        }
      },
      "Castle.Core": {
        "type": "Transitive",
        "resolved": "5.2.1",
        "contentHash": "wHARzQA695jwwKreOzNsq54KiGqKP38tv8hi8e2FXDEC/sA6BtrX90tVPDkOfVu13PbEzr00TCV8coikl+D1Iw=="
      },
      "Castle.Core.AsyncInterceptor": {
        "type": "Transitive",
        "resolved": "2.1.0",
        "contentHash": "1vOovJnbjjoCFbPPNLvLTeiqJwoA+aRXkhXcgCQY0pi1eejGqCegJwl58pIIPH/uKDfUXnPIo7aqSrcXEyEH1Q==",
        "dependencies": {
          "Castle.Core": "4.4.0"
        }
      },
      "Duende.IdentityModel": {
        "type": "Transitive",
        "resolved": "7.1.0",
        "contentHash": "Ihn2LiHZfiGD0Qu6aKngK5xtqOocZcS88khVG0Xv7uObfzilevAvXHDhAqpvWiZNIXPeCD6SA5Wy/rfP0U4brA=="
      },
      "JetBrains.Annotations": {
        "type": "Transitive",
        "resolved": "2025.2.2",
        "contentHash": "0X56ZRizuHdrnPpgXjWV7f2tQO1FlQg5O1967OGKnI/4ZRNOK642J8L7brM1nYvrxTTU5TP1yRyXLRLaXLPQ8A=="
      },
      "Microsoft.AspNetCore.Authentication.OpenIdConnect": {
        "type": "Transitive",
        "resolved": "10.0.9",
        "contentHash": "Xvmxf86pKWHk9aSdqIQP7ao4qTLsYoiYgtbe75YP2aSCdGY4EHjaWOD0IWVR4/wcukrdj6DfqJRtVniUXSr5Nw==",
        "dependencies": {
          "Microsoft.IdentityModel.Protocols.OpenIdConnect": "8.0.1"
        }
      },
      "Microsoft.Bcl.AsyncInterfaces": {
        "type": "Transitive",
        "resolved": "10.0.9",
        "contentHash": "Aq7M8lG6BrHeatqKqncVm9m55ec34k6nnfPRLe/PvGg+b/pAsRM2ejofeKmCLjTXMa+5NGXm382f8CG/D5WDow=="
      },
      "Microsoft.Extensions.Caching.Hybrid": {
        "type": "Transitive",
        "resolved": "10.7.0",
        "contentHash": "DWdLkc6SCZhlQPXFuOjMee1wotUcsdLHzOrN2GN9JsWVscYrGXR91SjH1g7bhUrF6f8ayZD31KxoXAoXxVpCvA=="
      },
      "Microsoft.Extensions.DependencyModel": {
        "type": "Transitive",
        "resolved": "9.0.0",
        "contentHash": "saxr2XzwgDU77LaQfYFXmddEDRUKHF4DaGMZkNB3qjdVSZlax3//dGJagJkKrGMIPNZs2jVFXITyCCR6UHJNdA=="
      },
      "Microsoft.Extensions.FileProviders.Embedded": {
        "type": "Transitive",
        "resolved": "10.0.9",
        "contentHash": "UpRgjjSUmF7KYZTIv1Zd2Y0Wv2oK9jE+Jmyp4UMynTowjvJGG1yrRe2JodYyVgcDgZF2auGwYEl+U0J1+YhBRw=="
      },
      "Microsoft.IdentityModel.Abstractions": {
        "type": "Transitive",
        "resolved": "8.0.1",
        "contentHash": "OtlIWcyX01olfdevPKZdIPfBEvbcioDyBiE/Z2lHsopsMD7twcKtlN9kMevHmI5IIPhFpfwCIiR6qHQz1WHUIw=="
      },
      "Microsoft.IdentityModel.JsonWebTokens": {
        "type": "Transitive",
        "resolved": "8.0.1",
        "contentHash": "s6++gF9x0rQApQzOBbSyp4jUaAlwm+DroKfL8gdOHxs83k8SJfUXhuc46rDB3rNXBQ1MVRxqKUrqFhO/M0E97g==",
        "dependencies": {
          "Microsoft.IdentityModel.Tokens": "8.0.1"
        }
      },
      "Microsoft.IdentityModel.Logging": {
        "type": "Transitive",
        "resolved": "8.0.1",
        "contentHash": "UCPF2exZqBXe7v/6sGNiM6zCQOUXXQ9+v5VTb9gPB8ZSUPnX53BxlN78v2jsbIvK9Dq4GovQxo23x8JgWvm/Qg==",
        "dependencies": {
          "Microsoft.IdentityModel.Abstractions": "8.0.1"
        }
      },
      "Microsoft.IdentityModel.Protocols": {
        "type": "Transitive",
        "resolved": "8.0.1",
        "contentHash": "uA2vpKqU3I2mBBEaeJAWPTjT9v1TZrGWKdgK6G5qJd03CLx83kdiqO9cmiK8/n1erkHzFBwU/RphP83aAe3i3g==",
        "dependencies": {
          "Microsoft.IdentityModel.Tokens": "8.0.1"
        }
      },
      "Microsoft.IdentityModel.Protocols.OpenIdConnect": {
        "type": "Transitive",
        "resolved": "8.0.1",
        "contentHash": "AQDbfpL+yzuuGhO/mQhKNsp44pm5Jv8/BI4KiFXR7beVGZoSH35zMV3PrmcfvSTsyI6qrcR898NzUauD6SRigg==",
        "dependencies": {
          "Microsoft.IdentityModel.Protocols": "8.0.1",
          "System.IdentityModel.Tokens.Jwt": "8.0.1"
        }
      },
      "Microsoft.IdentityModel.Tokens": {
        "type": "Transitive",
        "resolved": "8.0.1",
        "contentHash": "kDimB6Dkd3nkW2oZPDkMkVHfQt3IDqO5gL0oa8WVy3OP4uE8Ij+8TXnqg9TOd9ufjsY3IDiGz7pCUbnfL18tjg==",
        "dependencies": {
          "Microsoft.IdentityModel.Logging": "8.0.1"
        }
      },
      "MyCSharp.HttpUserAgentParser": {
        "type": "Transitive",
        "resolved": "3.0.28",
        "contentHash": "UbqKb1z2r8gFhsD5Scf/lEI5T7VtCeQUTzXA3yyWoyvXdY5u4HL7CsHk6WNAtbZJa2rgRGqN7pHLpcffo3PIRA=="
      },
      "Nito.AsyncEx.Context": {
        "type": "Transitive",
        "resolved": "5.1.2",
        "contentHash": "rMwL7Nj3oNyvFu/jxUzQ/YBobEkM2RQHe+5mpCDRyq6mfD7vCj7Z3rjB6XgpM6Mqcx1CA2xGv0ascU/2Xk8IIg==",
        "dependencies": {
          "Nito.AsyncEx.Tasks": "5.1.2"
        }
      },
      "Nito.AsyncEx.Tasks": {
        "type": "Transitive",
        "resolved": "5.1.2",
        "contentHash": "jEkCfR2/M26OK/U4G7SEN063EU/F4LiVA06TtpZILMdX/quIHCg+wn31Zerl2LC+u1cyFancjTY3cNAr2/89PA==",
        "dependencies": {
          "Nito.Disposables": "2.2.1"
        }
      },
      "Nito.Disposables": {
        "type": "Transitive",
        "resolved": "2.2.1",
        "contentHash": "6sZ5uynQeAE9dPWBQGKebNmxbY4xsvcc5VplB5WkYEESUS7oy4AwnFp0FhqxTSKm/PaFrFqLrYr696CYN8cugg=="
      },
      "NUglify": {
        "type": "Transitive",
        "resolved": "1.21.17",
        "contentHash": "K2ywYpoPEvU3+Ooq6wxz+FJOkmbDeoE41q/sJZWv9tI7qbTmH2A5R0E4hWzruvl/9pnUhqwbu1mxT06C45D0ZQ=="
      },
      "Pipelines.Sockets.Unofficial": {
        "type": "Transitive",
        "resolved": "2.2.8",
        "contentHash": "zG2FApP5zxSx6OcdJQLbZDk2AVlN2BNQD6MorwIfV6gVj0RRxWPEp2LXAxqDGZqeNV1Zp0BNPcNaey/GXmTdvQ=="
      },
      "Serilog": {
        "type": "Transitive",
        "resolved": "4.3.0",
        "contentHash": "+cDryFR0GRhsGOnZSKwaDzRRl4MupvJ42FhCE4zhQRVanX0Jpg6WuCBk59OVhVDPmab1bB+nRykAnykYELA9qQ=="
      },
      "Serilog.Extensions.Hosting": {
        "type": "Transitive",
        "resolved": "9.0.0",
        "contentHash": "u2TRxuxbjvTAldQn7uaAwePkWxTHIqlgjelekBtilAGL5sYyF3+65NWctN4UrwwGLsDC7c3Vz3HnOlu+PcoxXg==",
        "dependencies": {
          "Serilog": "4.2.0",
          "Serilog.Extensions.Logging": "9.0.0"
        }
      },
      "Serilog.Extensions.Logging": {
        "type": "Transitive",
        "resolved": "9.0.0",
        "contentHash": "NwSSYqPJeKNzl5AuXVHpGbr6PkZJFlNa14CdIebVjK3k/76kYj/mz5kiTRNVSsSaxM8kAIa1kpy/qyT9E4npRQ==",
        "dependencies": {
          "Serilog": "4.2.0"
        }
      },
      "Serilog.Formatting.Compact": {
        "type": "Transitive",
        "resolved": "3.0.0",
        "contentHash": "wQsv14w9cqlfB5FX2MZpNsTawckN4a8dryuNGbebB/3Nh1pXnROHZov3swtu3Nj5oNG7Ba+xdu7Et/ulAUPanQ==",
        "dependencies": {
          "Serilog": "4.0.0"
        }
      },
      "Serilog.Settings.Configuration": {
        "type": "Transitive",
        "resolved": "9.0.0",
        "contentHash": "4/Et4Cqwa+F88l5SeFeNZ4c4Z6dEAIKbu3MaQb2Zz9F/g27T5a3wvfMcmCOaAiACjfUb4A6wrlTVfyYUZk3RRQ==",
        "dependencies": {
          "Microsoft.Extensions.DependencyModel": "9.0.0",
          "Serilog": "4.2.0"
        }
      },
      "Serilog.Sinks.Debug": {
        "type": "Transitive",
        "resolved": "3.0.0",
        "contentHash": "4BzXcdrgRX7wde9PmHuYd9U6YqycCC28hhpKonK7hx0wb19eiuRj16fPcPSVp0o/Y1ipJuNLYQ00R3q2Zs8FDA==",
        "dependencies": {
          "Serilog": "4.0.0"
        }
      },
      "Serilog.Sinks.File": {
        "type": "Transitive",
        "resolved": "6.0.0",
        "contentHash": "lxjg89Y8gJMmFxVkbZ+qDgjl+T4yC5F7WSLTvA+5q0R04tfKVLRL/EHpYoJ/MEQd2EeCKDuylBIVnAYMotmh2A==",
        "dependencies": {
          "Serilog": "4.0.0"
        }
      },
      "StackExchange.Redis": {
        "type": "Transitive",
        "resolved": "2.7.27",
        "contentHash": "Uqc2OQHglqj9/FfGQ6RkKFkZfHySfZlfmbCl+hc+u2I/IqunfelQ7QJi7ZhvAJxUtu80pildVX6NPLdDaUffOw==",
        "dependencies": {
          "Pipelines.Sockets.Unofficial": "2.2.8"
        }
      },
      "System.CodeDom": {
        "type": "Transitive",
        "resolved": "10.0.9",
        "contentHash": "scH7O8oAuOMyZKOEiOQB3ZVz6x9XkrZNKNeWVCxdvkJHSy4SYXyinGK0o2Rn5LiGh+ovezziT2WCdqWKa7WMKA=="
      },
      "System.IdentityModel.Tokens.Jwt": {
        "type": "Transitive",
        "resolved": "8.0.1",
        "contentHash": "GJw3bYkWpOgvN3tJo5X4lYUeIFA2HD293FPUhKmp7qxS+g5ywAb34Dnd3cDAFLkcMohy5XTpoaZ4uAHuw0uSPQ==",
        "dependencies": {
          "Microsoft.IdentityModel.JsonWebTokens": "8.0.1",
          "Microsoft.IdentityModel.Tokens": "8.0.1"
        }
      },
      "System.IO.Hashing": {
        "type": "Transitive",
        "resolved": "8.0.0",
        "contentHash": "ne1843evDugl0md7Fjzy6QjJrzsjh46ZKbhf8GwBXb5f/gw97J4bxMs0NQKifDuThh/f0bZ0e62NPl1jzTuRqA=="
      },
      "System.Linq.Dynamic.Core": {
        "type": "Transitive",
        "resolved": "1.6.7",
        "contentHash": "lH+YgtovXbxD6JImHl2VXUtXRUvN8BMEZB2ReZNvS+J5GnGGZV9ivxslQ2nJWmKlBjFTReAKsevnQKE4yLP2pA=="
      },
      "System.Management": {
        "type": "Transitive",
        "resolved": "10.0.9",
        "contentHash": "8mfTzHLlMHCqFE1+iFGzxRCeCb2gDqvRQtZthuksYB+z546QZaFCiagbJ2KXHe7dy5ZpCUg/usaIqc2DxiemPw==",
        "dependencies": {
          "System.CodeDom": "10.0.9"
        }
      },
      "TimeZoneConverter": {
        "type": "Transitive",
        "resolved": "7.2.0",
        "contentHash": "4Poqu79dTmacVETqUJ53g3x4U21V/cmWPSlehdsVE4Q00akavvlRq+SRjcg/CmfO9ibOCjRl6TeUV7hkC5RC4w=="
      },
      "Volo.Abp.ApiVersioning.Abstractions": {
        "type": "Transitive",
        "resolved": "10.6.0",
        "contentHash": "7bvd+42zOy4Yfg20RHh/jFI51h5JUgjE4RnTf4N2CTaY6RyKtQSkPJxjPRvk4I57BZaW9iFwbnjAZJhxzBnBxQ==",
        "dependencies": {
          "Volo.Abp.Core": "10.6.0"
        }
      },
      "Volo.Abp.AspNetCore": {
        "type": "Transitive",
        "resolved": "10.6.0",
        "contentHash": "LP+P3pM+IE7fh8oYixcmLfZGTeBnJO6MrkCNGdTZa+j+7rCXv/djWaRA8qRJktShI3iuTBC4iYKOI4RmjZFVNg==",
        "dependencies": {
          "Duende.IdentityModel": "7.1.0",
          "Microsoft.AspNetCore.Authentication.OpenIdConnect": "10.0.9",
          "MyCSharp.HttpUserAgentParser": "3.0.28",
          "Volo.Abp.AspNetCore.Abstractions": "10.6.0",
          "Volo.Abp.Auditing": "10.6.0",
          "Volo.Abp.Authorization": "10.6.0",
          "Volo.Abp.ExceptionHandling": "10.6.0",
          "Volo.Abp.Http": "10.6.0",
          "Volo.Abp.Security": "10.6.0",
          "Volo.Abp.Uow": "10.6.0",
          "Volo.Abp.Validation": "10.6.0",
          "Volo.Abp.VirtualFileSystem": "10.6.0"
        }
      },
      "Volo.Abp.AspNetCore.Abstractions": {
        "type": "Transitive",
        "resolved": "10.6.0",
        "contentHash": "4fxwyTXkrM1m369ptXXw+xoEeEziv5aLlUpcOd16fkDxO/5jXKFGh4VSFWgMSv66LzxEHgrETM28tF0U2eNVRA==",
        "dependencies": {
          "Volo.Abp.Core": "10.6.0"
        }
      },
      "Volo.Abp.AspNetCore.Mvc.Contracts": {
        "type": "Transitive",
        "resolved": "10.6.0",
        "contentHash": "2A6OVdmOfk/EB0wgO2VDn/zDTqlGSpxHEXMrlG1YWp88y6DxBAg4AnquZfFCHPsWu8QUVjdmRM592wAFP7xBrg==",
        "dependencies": {
          "Volo.Abp.Ddd.Application.Contracts": "10.6.0",
          "Volo.Abp.MultiTenancy.Abstractions": "10.6.0"
        }
      },
      "Volo.Abp.Auditing": {
        "type": "Transitive",
        "resolved": "10.6.0",
        "contentHash": "RaHkZRwqSwQYsMQX/SORa/I5xAhAJ2C/pZ3EgXMVhzP0KfeH2OymWQWM7XByRYQ5FDOVLCX5oxqcpRJGVouEQg==",
        "dependencies": {
          "Volo.Abp.Auditing.Contracts": "10.6.0",
          "Volo.Abp.Data": "10.6.0",
          "Volo.Abp.Json": "10.6.0",
          "Volo.Abp.MultiTenancy": "10.6.0",
          "Volo.Abp.Security": "10.6.0",
          "Volo.Abp.Threading": "10.6.0",
          "Volo.Abp.Timing": "10.6.0"
        }
      },
      "Volo.Abp.Auditing.Contracts": {
        "type": "Transitive",
        "resolved": "10.6.0",
        "contentHash": "0xBZTKO0OEqlJh6ebOcjz4j9IVwe38OwvZ+l5RVjGXD89zQZR45XcjyKC+CeIlOv2ip3tPUSEdO1qjEhVagvRA==",
        "dependencies": {
          "Volo.Abp.Core": "10.6.0"
        }
      },
      "Volo.Abp.Authorization": {
        "type": "Transitive",
        "resolved": "10.6.0",
        "contentHash": "h+cEDNN8ZETPBn8MI343gPANWTukswThXksR4wsZp+gTaiKn6lt9kAd2Mi5VUjbt2Gi8TaIbhrkF1KpUy4TWbw==",
        "dependencies": {
          "Volo.Abp.Authorization.Abstractions": "10.6.0",
          "Volo.Abp.Localization": "10.6.0",
          "Volo.Abp.MultiTenancy": "10.6.0",
          "Volo.Abp.Security": "10.6.0"
        }
      },
      "Volo.Abp.Authorization.Abstractions": {
        "type": "Transitive",
        "resolved": "10.6.0",
        "contentHash": "0RyBHnozAyr2fhAbnjOnPGGSbAJWGxoDvWGQvzwAdJMP6/elQ6ZGUbG9Dn0NsuFjq6ARDln0DNwkh8aATTy+iw==",
        "dependencies": {
          "Volo.Abp.MultiTenancy.Abstractions": "10.6.0"
        }
      },
      "Volo.Abp.BackgroundWorkers": {
        "type": "Transitive",
        "resolved": "10.6.0",
        "contentHash": "gKdrTg/WyWDuTzeqztCHly5YZauSftBEADS53kFJLkgsPTgBkDXXyx89iYNfZ4R1pT8dOOghFZF6RjVmv+ZE8A==",
        "dependencies": {
          "Volo.Abp.Data": "10.6.0",
          "Volo.Abp.Threading": "10.6.0"
        }
      },
      "Volo.Abp.Caching": {
        "type": "Transitive",
        "resolved": "10.6.0",
        "contentHash": "dtkfYxVFW7pFUUi7fRjjYH6yXE4t+0I6Ye/LGu+cvsO3IOUyKNwmW8ujEB6KJeuTkV8G6UiAps5syMDjRd2SlQ==",
        "dependencies": {
          "Microsoft.Extensions.Caching.Hybrid": "10.7.0",
          "Volo.Abp.Json": "10.6.0",
          "Volo.Abp.MultiTenancy": "10.6.0",
          "Volo.Abp.Serialization": "10.6.0",
          "Volo.Abp.Threading": "10.6.0"
        }
      },
      "Volo.Abp.Castle.Core": {
        "type": "Transitive",
        "resolved": "10.6.0",
        "contentHash": "RYWDCWNm1ut/Q5GeVyionTgfO/cJFAPgwAB6ygO4lMRSsEAd1kA3Gw7kcQu5zLa2lAwy7CxcvY0FBkECfNaooQ==",
        "dependencies": {
          "Castle.Core": "5.2.1",
          "Castle.Core.AsyncInterceptor": "2.1.0",
          "Volo.Abp.Core": "10.6.0"
        }
      },
      "Volo.Abp.Core": {
        "type": "Transitive",
        "resolved": "10.6.0",
        "contentHash": "THgRKBgnqA4+mkD6BtSHYHJXGFq78iXf1pSgUaZCadHwEFhi30o+WwSNKnMTU2ZNNHyPkc+T2BbdtSifVt8npA==",
        "dependencies": {
          "JetBrains.Annotations": "2025.2.2",
          "Nito.AsyncEx.Context": "5.1.2",
          "System.Linq.Dynamic.Core": "1.6.7",
          "System.Management": "10.0.9"
        }
      },
      "Volo.Abp.Data": {
        "type": "Transitive",
        "resolved": "10.6.0",
        "contentHash": "Rroef8YFIsCTnPR89Nx5usDC7uK9NpBnhSR1wOVaKWpoJdgZDMHWZqnmCB91WHCS+PQ80REw3Cyxmwqp4etbKQ==",
        "dependencies": {
          "Volo.Abp.EventBus.Abstractions": "10.6.0",
          "Volo.Abp.ObjectExtending": "10.6.0",
          "Volo.Abp.Uow": "10.6.0"
        }
      },
      "Volo.Abp.Ddd.Application": {
        "type": "Transitive",
        "resolved": "10.6.0",
        "contentHash": "tAit//R+V7iSaZN/YH4rSt/BZ3wRF9w7ef8McLu4xvkQ4BGCk9f8nCy6B28741xYB0rv2GTTTSRJHz2+alky+Q==",
        "dependencies": {
          "Volo.Abp.Authorization": "10.6.0",
          "Volo.Abp.Ddd.Application.Contracts": "10.6.0",
          "Volo.Abp.Ddd.Domain": "10.6.0",
          "Volo.Abp.Features": "10.6.0",
          "Volo.Abp.GlobalFeatures": "10.6.0",
          "Volo.Abp.Http.Abstractions": "10.6.0",
          "Volo.Abp.Localization": "10.6.0",
          "Volo.Abp.ObjectMapping": "10.6.0",
          "Volo.Abp.Security": "10.6.0",
          "Volo.Abp.Settings": "10.6.0",
          "Volo.Abp.Validation": "10.6.0"
        }
      },
      "Volo.Abp.Ddd.Application.Contracts": {
        "type": "Transitive",
        "resolved": "10.6.0",
        "contentHash": "3X/XEDbmBDsfvMbQt9QqNoSHk9VCO7h7tMDfnYodOZmvOS2G8N6w9gXKChjeaNFjPyl9xsm8Oid5z+kc4zeOZg==",
        "dependencies": {
          "Volo.Abp.Auditing.Contracts": "10.6.0",
          "Volo.Abp.Data": "10.6.0",
          "Volo.Abp.Localization": "10.6.0"
        }
      },
      "Volo.Abp.Ddd.Domain": {
        "type": "Transitive",
        "resolved": "10.6.0",
        "contentHash": "xBae/TemNSLzetkVuWcMbOlF6Q4ycYC9F/zFVj/IzNcOnSUHPVAitOXT41TGjDAlZ1PgsyvJPzEhw8sC9W9f8w==",
        "dependencies": {
          "Volo.Abp.Auditing": "10.6.0",
          "Volo.Abp.Caching": "10.6.0",
          "Volo.Abp.Data": "10.6.0",
          "Volo.Abp.Ddd.Domain.Shared": "10.6.0",
          "Volo.Abp.EventBus": "10.6.0",
          "Volo.Abp.ExceptionHandling": "10.6.0",
          "Volo.Abp.Guids": "10.6.0",
          "Volo.Abp.ObjectMapping": "10.6.0",
          "Volo.Abp.Specifications": "10.6.0",
          "Volo.Abp.Timing": "10.6.0"
        }
      },
      "Volo.Abp.Ddd.Domain.Shared": {
        "type": "Transitive",
        "resolved": "10.6.0",
        "contentHash": "qgodOtT/MEipDR5Xoe8S2KXD7mXSgSLjPAnbxtfsqQGKf/4TUuhK/1Hd9KXl+RPzNGcFR3bTR5nhhhnXvhtd9Q==",
        "dependencies": {
          "Volo.Abp.EventBus.Abstractions": "10.6.0",
          "Volo.Abp.MultiTenancy.Abstractions": "10.6.0"
        }
      },
      "Volo.Abp.DistributedLocking.Abstractions": {
        "type": "Transitive",
        "resolved": "10.6.0",
        "contentHash": "ai05ejXy6oGYZY7RNYHvmQRGIjaE0Z6YXNB8nYZQq9/O8m/3URe9I+X4ZXx+gIKYZHAt7anfLZzSGSzFF9LZaw==",
        "dependencies": {
          "Microsoft.Bcl.AsyncInterfaces": "10.0.9",
          "Volo.Abp.Core": "10.6.0"
        }
      },
      "Volo.Abp.EventBus": {
        "type": "Transitive",
        "resolved": "10.6.0",
        "contentHash": "o0dXUIBIQcWze6fUhMW07tXWgDlNLBz3O04mqdJPahBmtCD2d8x7b90ciA/ChLbt2En8U/Tep6cuDsbB6626lA==",
        "dependencies": {
          "Volo.Abp.BackgroundWorkers": "10.6.0",
          "Volo.Abp.DistributedLocking.Abstractions": "10.6.0",
          "Volo.Abp.EventBus.Abstractions": "10.6.0",
          "Volo.Abp.Guids": "10.6.0",
          "Volo.Abp.Json": "10.6.0",
          "Volo.Abp.MultiTenancy": "10.6.0"
        }
      },
      "Volo.Abp.EventBus.Abstractions": {
        "type": "Transitive",
        "resolved": "10.6.0",
        "contentHash": "i5zkscM9CQPYqzgnXFx84NOxcfPFo5OI4ddNKkV6evytApTnR7kBPKJGcGIwOZ/93BLYdvXqbNRL9kpl1aKOkA==",
        "dependencies": {
          "Volo.Abp.ObjectExtending": "10.6.0"
        }
      },
      "Volo.Abp.ExceptionHandling": {
        "type": "Transitive",
        "resolved": "10.6.0",
        "contentHash": "Stmbih8YlL2bUpYL6sLzlJAHVj0RcSfWZiQj8W6IR/kiuu9q0R9bKezeciykRfFPttFxycQNpugRCYaLMSxJDA==",
        "dependencies": {
          "Microsoft.Extensions.FileProviders.Embedded": "10.0.9",
          "Volo.Abp.Data": "10.6.0",
          "Volo.Abp.Localization": "10.6.0"
        }
      },
      "Volo.Abp.Features": {
        "type": "Transitive",
        "resolved": "10.6.0",
        "contentHash": "uLWLgpfYOZJT/ggD6Vna97bnk5mUjIT2TB0/hDz8sh5p3QizgK67LiYuErxJFYDadFSdJM0ZBySPj1e/+epu8g==",
        "dependencies": {
          "Volo.Abp.Authorization.Abstractions": "10.6.0",
          "Volo.Abp.Localization": "10.6.0",
          "Volo.Abp.MultiTenancy": "10.6.0",
          "Volo.Abp.Validation": "10.6.0"
        }
      },
      "Volo.Abp.GlobalFeatures": {
        "type": "Transitive",
        "resolved": "10.6.0",
        "contentHash": "aBS0uDPQhddUMedkW9sFT0zrBvUSaAHhvGKgqal0vTIQK+nIsVgj9UQAcBfQChoKlnrWe/X7JxVqdQfkBE5fmw==",
        "dependencies": {
          "Volo.Abp.Authorization.Abstractions": "10.6.0",
          "Volo.Abp.Localization": "10.6.0",
          "Volo.Abp.VirtualFileSystem": "10.6.0"
        }
      },
      "Volo.Abp.Guids": {
        "type": "Transitive",
        "resolved": "10.6.0",
        "contentHash": "UttAkgDWk4gT7qpGlYTPcAmCrNS+b5KJ8GFoGrMIbMjmzso8y0vavyAGosavgYc+xPoSWjdSp2IF/NGS+g8uKw==",
        "dependencies": {
          "Volo.Abp.Core": "10.6.0"
        }
      },
      "Volo.Abp.Http": {
        "type": "Transitive",
        "resolved": "10.6.0",
        "contentHash": "G+oqOerzZdb4yz9tFAm5c5tWgVVnGLtyAISXDAIB4vIxY23uujhIjAAgM3dXH5QZzb9RJJ84PC0W6t7Y8zRvKQ==",
        "dependencies": {
          "Volo.Abp.Http.Abstractions": "10.6.0",
          "Volo.Abp.Json": "10.6.0",
          "Volo.Abp.Minify": "10.6.0"
        }
      },
      "Volo.Abp.Http.Abstractions": {
        "type": "Transitive",
        "resolved": "10.6.0",
        "contentHash": "u44+NSXlTdjEUMBolIanyzoVx0aEVjUNpInNQP+AKxutcVTbpTirOtaHhGairYdIGMu3zIlMqx1k9ZLQPBgqNQ==",
        "dependencies": {
          "Volo.Abp.Core": "10.6.0"
        }
      },
      "Volo.Abp.Json": {
        "type": "Transitive",
        "resolved": "10.6.0",
        "contentHash": "B1RnD0hL4shBSmrnawEXfoGX9fWAe4FO0B08A6+VRYHuyi523La9m/iaMt9FQi0jQeyu0KZqQRAm0GTjJflAFQ==",
        "dependencies": {
          "Volo.Abp.Json.SystemTextJson": "10.6.0"
        }
      },
      "Volo.Abp.Json.Abstractions": {
        "type": "Transitive",
        "resolved": "10.6.0",
        "contentHash": "58VcDyiEJ3/p7We47RtJBAgCpx2XLPqwOe3IpbyTzbOWIkfdsIisqPrmh+G5qRDEL1GejvZGpERIvrRyD1s0aA==",
        "dependencies": {
          "Volo.Abp.Core": "10.6.0"
        }
      },
      "Volo.Abp.Json.SystemTextJson": {
        "type": "Transitive",
        "resolved": "10.6.0",
        "contentHash": "MsMsYswkUnJHUvTbEykRjIERvNz66Ji67XKR0W2Qf/4c8xFjCUrbgOHc8RhYmF11G+8iwObB1+Q1eS/LOoJ58A==",
        "dependencies": {
          "Volo.Abp.Data": "10.6.0",
          "Volo.Abp.Json.Abstractions": "10.6.0",
          "Volo.Abp.Timing": "10.6.0"
        }
      },
      "Volo.Abp.Localization": {
        "type": "Transitive",
        "resolved": "10.6.0",
        "contentHash": "TsRv7kKwT+jn0bnqWUhV8cMMsRi3IZvT5a12jt97pXlVvUtQT3mX6R8g17U+Pj79/J4un275tvEU+0K4Trybow==",
        "dependencies": {
          "Volo.Abp.Localization.Abstractions": "10.6.0",
          "Volo.Abp.Settings": "10.6.0",
          "Volo.Abp.Threading": "10.6.0",
          "Volo.Abp.VirtualFileSystem": "10.6.0"
        }
      },
      "Volo.Abp.Localization.Abstractions": {
        "type": "Transitive",
        "resolved": "10.6.0",
        "contentHash": "CNLRG58HPIAnczuNn4hSAqPtaN/JcmkA934tu0kRoNLDH2r49YUxNPnRUXgH6VbI8r4Mv0wUzcwoTe/h2EZYwA==",
        "dependencies": {
          "Volo.Abp.Core": "10.6.0"
        }
      },
      "Volo.Abp.Minify": {
        "type": "Transitive",
        "resolved": "10.6.0",
        "contentHash": "QRqiMPfX9wGb5Ht+DAnxUs7g5wtU6w2++bgFy369EuS/ApS47+HHJjKt98WGjh8Psv8g1SHm3gy58+OYOPeRwQ==",
        "dependencies": {
          "NUglify": "1.21.17",
          "Volo.Abp.Core": "10.6.0"
        }
      },
      "Volo.Abp.MultiTenancy": {
        "type": "Transitive",
        "resolved": "10.6.0",
        "contentHash": "iNQcbGhfQSi1qk+ywbhG1+oo6txOjTYncC2nKA+qpiSCH27jMcDDzSY94yVfOi55WmBOKSOD9pU7++3QyrwPLA==",
        "dependencies": {
          "Volo.Abp.Data": "10.6.0",
          "Volo.Abp.EventBus.Abstractions": "10.6.0",
          "Volo.Abp.MultiTenancy.Abstractions": "10.6.0",
          "Volo.Abp.Security": "10.6.0",
          "Volo.Abp.Settings": "10.6.0"
        }
      },
      "Volo.Abp.MultiTenancy.Abstractions": {
        "type": "Transitive",
        "resolved": "10.6.0",
        "contentHash": "Fb+pGPHHp2cVm4xHFNiOrq9ppfswrZJNtnvBKhURmrMfLxOxn5Mj1s/v46TWd+7N+6oSXQoV3Sa2LPmC3P0dLQ==",
        "dependencies": {
          "Volo.Abp.Localization": "10.6.0",
          "Volo.Abp.VirtualFileSystem": "10.6.0"
        }
      },
      "Volo.Abp.ObjectExtending": {
        "type": "Transitive",
        "resolved": "10.6.0",
        "contentHash": "J1IHjorODeqcQ1LjlY2oAtHqb3eDH7qL2b0oOb7D/U7BoSW6ZcV6ZC1+RBN5m0YNelw9NHxTsyhOEr+8CzSDmw==",
        "dependencies": {
          "Volo.Abp.Localization.Abstractions": "10.6.0",
          "Volo.Abp.Validation.Abstractions": "10.6.0"
        }
      },
      "Volo.Abp.ObjectMapping": {
        "type": "Transitive",
        "resolved": "10.6.0",
        "contentHash": "S7+s3Azu7WCYe/tS8bOTEgWlpTvCoSUKdDEEPwQ3oC0oeOPecoco8tLG8FKdTQS3YhAU/I/HJKCd0TTrD/G/uQ==",
        "dependencies": {
          "Volo.Abp.Core": "10.6.0"
        }
      },
      "Volo.Abp.Serialization": {
        "type": "Transitive",
        "resolved": "10.6.0",
        "contentHash": "nlnWb5P1thGbZMcsmnk1j7cUISmSqua4LMPpFPK2AuQze3ef4hTrZupxzkp6/tYEPL1L8RVRAmlxIFjwhQt8yg==",
        "dependencies": {
          "Volo.Abp.Core": "10.6.0"
        }
      },
      "Volo.Abp.Settings": {
        "type": "Transitive",
        "resolved": "10.6.0",
        "contentHash": "q1ANNNi9TPmgn8pbRuKirhWCfBH/qHLeNjMc9SLjE4CK3YxhfpXgfIDh9iECDvDLUHXtJTz08I3l4paaSAhW3Q==",
        "dependencies": {
          "Volo.Abp.Data": "10.6.0",
          "Volo.Abp.Localization.Abstractions": "10.6.0",
          "Volo.Abp.Security": "10.6.0"
        }
      },
      "Volo.Abp.Specifications": {
        "type": "Transitive",
        "resolved": "10.6.0",
        "contentHash": "W3L8ta4qLUrdFYrviUCI0suno9tgesCQDR/gyCsZoIB/8ttd4Wxy3kHRXCp3LQM6cltVcZ4beMRkccAGaSeTeQ==",
        "dependencies": {
          "Volo.Abp.Core": "10.6.0"
        }
      },
      "Volo.Abp.Threading": {
        "type": "Transitive",
        "resolved": "10.6.0",
        "contentHash": "zSEgvz2nRwVHhT3jmQPJCIcEZyPiWpf5V5aSbFlttUkZvfCj2ZnKmXNrqiINzwmbNlRtYM0NqZ8dj16s4qu+jg==",
        "dependencies": {
          "Volo.Abp.Core": "10.6.0"
        }
      },
      "Volo.Abp.Timing": {
        "type": "Transitive",
        "resolved": "10.6.0",
        "contentHash": "FNfJ8BveB8CKKZ1yftgaP0/RfdmCQvwgVy5+bEgwT6Qg+wLAHCloPxer9Wt+oRvVu3Dgz8GsxQgot+pwKyspuQ==",
        "dependencies": {
          "TimeZoneConverter": "7.2.0",
          "Volo.Abp.Localization": "10.6.0",
          "Volo.Abp.Settings": "10.6.0"
        }
      },
      "Volo.Abp.UI": {
        "type": "Transitive",
        "resolved": "10.6.0",
        "contentHash": "yKzssHp53hcZV7pVlGx2QgqEgo8iW+e1L4bluf10vO4AVUOIOqnBgLf3mXchkJ5GfdgD9PMIoDfb80K5GyBWHQ==",
        "dependencies": {
          "Volo.Abp.ExceptionHandling": "10.6.0"
        }
      },
      "Volo.Abp.UI.Navigation": {
        "type": "Transitive",
        "resolved": "10.6.0",
        "contentHash": "2fFFD4MlviqJxDguuuWUGUFUCjZAxFWiqo7IFoslb1mzkoJnh52a/R71tc05Q26UeMVwx4aMyIoA5Dt/DhBDLA==",
        "dependencies": {
          "Volo.Abp.Authorization": "10.6.0",
          "Volo.Abp.Features": "10.6.0",
          "Volo.Abp.MultiTenancy": "10.6.0",
          "Volo.Abp.UI": "10.6.0"
        }
      },
      "Volo.Abp.Uow": {
        "type": "Transitive",
        "resolved": "10.6.0",
        "contentHash": "xZIFjlNRwJeMSDfY+Ys4sInTefULweL2NVZE7s24j1XSc1BDSSwj+5sfI5RvNOU/8krmWnkrxaY6XHNr8erymQ==",
        "dependencies": {
          "Volo.Abp.Core": "10.6.0"
        }
      },
      "Volo.Abp.Validation": {
        "type": "Transitive",
        "resolved": "10.6.0",
        "contentHash": "LaGR8WiZTlbjm/dBhu8k3gv9pWvizDHFLAJzbSSO0vf1ZcPB22gtba26tFufkwrjXR3AtzvZwbHU26l0rS7nBw==",
        "dependencies": {
          "Volo.Abp.Localization": "10.6.0",
          "Volo.Abp.Validation.Abstractions": "10.6.0"
        }
      },
      "Volo.Abp.Validation.Abstractions": {
        "type": "Transitive",
        "resolved": "10.6.0",
        "contentHash": "awLqSSaES/kJhjPWt+tSqDv0eXmMsP+/v9uW5PrTmaodi0S2ZZ3doXggTHqMUQJtVmwzouiJAsTD20kjP1dGxA==",
        "dependencies": {
          "Volo.Abp.Core": "10.6.0"
        }
      },
      "Volo.Abp.VirtualFileSystem": {
        "type": "Transitive",
        "resolved": "10.6.0",
        "contentHash": "yim9ZYVA4+ICOHgYdD+XtRusbsgpYeERf34l2ZexhhfEiWxsGE6COSVSv3PntzpwQV6fcNP5L951YJdUliVLPg==",
        "dependencies": {
          "Microsoft.Extensions.FileProviders.Embedded": "10.0.9",
          "Volo.Abp.Core": "10.6.0"
        }
      },
      "hcs.bff": {
        "type": "Project",
        "dependencies": {
          "Microsoft.AspNetCore.DataProtection.StackExchangeRedis": "[10.0.10, )"
        }
      }
    }
  }
}