Microsoft Visual Studio Solution File, Format Version 12.00
# Visual Studio Version 17
VisualStudioVersion = 17.5.2.0
MinimumVisualStudioVersion = 10.0.40219.1
Project("{2150E333-8FDC-42A3-9474-1A3956D46DE8}") = "tools", "tools", "{07C2787E-EAC7-C090-1BA3-A61EC2A24D84}"
EndProject
Project("{2150E333-8FDC-42A3-9474-1A3956D46DE8}") = "test", "test", "{0C88DD14-F956-CE84-757C-A364CCF449FC}"
EndProject
Project("{2150E333-8FDC-42A3-9474-1A3956D46DE8}") = "building-blocks", "building-blocks", "{31CBEB51-93DC-9CA1-DA8D-67643319BEE1}"
EndProject
Project("{2150E333-8FDC-42A3-9474-1A3956D46DE8}") = "src", "src", "{827E0CD3-B72D-47B6-A68D-7590B98EB39B}"
EndProject
Project("{2150E333-8FDC-42A3-9474-1A3956D46DE8}") = "gateways", "gateways", "{C3A202AD-EADD-4864-49DF-ED20E2971546}"
EndProject
Project("{2150E333-8FDC-42A3-9474-1A3956D46DE8}") = "apps", "apps", "{1787FE1D-075E-9E68-7218-25F1BD1BBEAB}"
EndProject
Project("{2150E333-8FDC-42A3-9474-1A3956D46DE8}") = "services", "services", "{5854FF58-B8C5-05C6-5BF2-ACE42193F22B}"
EndProject
Project("{FAE04EC0-301F-11D3-BF4B-00C04F79EFBC}") = "HCS.MigrationImporter", "tools\HCS.MigrationImporter\HCS.MigrationImporter.csproj", "{F99453F7-521E-AABF-058C-8CA04FDF21B4}"
EndProject
Project("{FAE04EC0-301F-11D3-BF4B-00C04F79EFBC}") = "HCS.Application.Tests", "test\HCS.Application.Tests\HCS.Application.Tests.csproj", "{E3C818C9-0355-EE75-0AD1-5C08EE6ECDA5}"
EndProject
Project("{FAE04EC0-301F-11D3-BF4B-00C04F79EFBC}") = "HCS.HttpApi.Client.ConsoleTestApp", "test\HCS.HttpApi.Client.ConsoleTestApp\HCS.HttpApi.Client.ConsoleTestApp.csproj", "{B652CDAD-D68E-C3F3-E2EB-AE1E083AC4AC}"
EndProject
Project("{FAE04EC0-301F-11D3-BF4B-00C04F79EFBC}") = "HCS.Domain.Tests", "test\HCS.Domain.Tests\HCS.Domain.Tests.csproj", "{E2927AF9-179C-ACB3-11FB-003C4DAE7885}"
EndProject
Project("{FAE04EC0-301F-11D3-BF4B-00C04F79EFBC}") = "HCS.EntityFrameworkCore.Tests", "test\HCS.EntityFrameworkCore.Tests\HCS.EntityFrameworkCore.Tests.csproj", "{6169333B-CEF1-D68C-267D-016734E5CE97}"
EndProject
Project("{FAE04EC0-301F-11D3-BF4B-00C04F79EFBC}") = "HCS.TestBase", "test\HCS.TestBase\HCS.TestBase.csproj", "{8DE7E791-1BA2-54C2-36AA-833AD4B3BBAD}"
EndProject
Project("{FAE04EC0-301F-11D3-BF4B-00C04F79EFBC}") = "HCS.IntegrationEvents", "building-blocks\HCS.IntegrationEvents\HCS.IntegrationEvents.csproj", "{CF8E0C92-95AE-C420-0A84-4DAC3EC32BBE}"
EndProject
Project("{FAE04EC0-301F-11D3-BF4B-00C04F79EFBC}") = "HCS.Application", "src\HCS.Application\HCS.Application.csproj", "{F81A4D7D-E562-B6F6-FC34-DEBEF93145A7}"
EndProject
Project("{FAE04EC0-301F-11D3-BF4B-00C04F79EFBC}") = "HCS.DbMigrator", "src\HCS.DbMigrator\HCS.DbMigrator.csproj", "{9827A0AC-E50A-977B-2886-2CDBEC0FD669}"
EndProject
Project("{FAE04EC0-301F-11D3-BF4B-00C04F79EFBC}") = "HCS.HttpApi", "src\HCS.HttpApi\HCS.HttpApi.csproj", "{3E8719D6-6156-DC46-28A2-5E79D5006504}"
EndProject
Project("{FAE04EC0-301F-11D3-BF4B-00C04F79EFBC}") = "HCS.Application.Contracts", "src\HCS.Application.Contracts\HCS.Application.Contracts.csproj", "{C5DFE5C4-B54B-42A0-4265-B251650BF38A}"
EndProject
Project("{FAE04EC0-301F-11D3-BF4B-00C04F79EFBC}") = "HCS.Domain.Shared", "src\HCS.Domain.Shared\HCS.Domain.Shared.csproj", "{C684CB1E-3A4D-145F-6C35-E5484F1DDCD2}"
EndProject
Project("{FAE04EC0-301F-11D3-BF4B-00C04F79EFBC}") = "HCS.HttpApi.Client", "src\HCS.HttpApi.Client\HCS.HttpApi.Client.csproj", "{FF99E4B1-2192-9AB8-16F4-AEC3DBB761F0}"
EndProject
Project("{FAE04EC0-301F-11D3-BF4B-00C04F79EFBC}") = "HCS.EntityFrameworkCore", "src\HCS.EntityFrameworkCore\HCS.EntityFrameworkCore.csproj", "{1E9E9D4D-0870-4EFE-455E-E5668FC89E0C}"
EndProject
Project("{FAE04EC0-301F-11D3-BF4B-00C04F79EFBC}") = "HCS.Blazor", "src\HCS.Blazor\HCS.Blazor.csproj", "{BB0DE591-BB63-A21B-28F8-143429CB5688}"
EndProject
Project("{FAE04EC0-301F-11D3-BF4B-00C04F79EFBC}") = "HCS.Domain", "src\HCS.Domain\HCS.Domain.csproj", "{F96F0657-B11D-46BD-7EBA-B748C031F821}"
EndProject
Project("{FAE04EC0-301F-11D3-BF4B-00C04F79EFBC}") = "HCS.Blazor.Client", "src\HCS.Blazor.Client\HCS.Blazor.Client.csproj", "{19797251-EB31-8027-7816-8B4FBF551D00}"
EndProject
Project("{2150E333-8FDC-42A3-9474-1A3956D46DE8}") = "HCS.MigrationImporter (1)", "HCS.MigrationImporter (1)", "{B7C969CC-84B1-BDF2-E6A5-A354D38309CF}"
EndProject
Project("{FAE04EC0-301F-11D3-BF4B-00C04F79EFBC}") = "HCS.MigrationImporter.Tests", "tools\HCS.MigrationImporter\HCS.MigrationImporter.Tests\HCS.MigrationImporter.Tests.csproj", "{E81743FA-FDD1-010C-5013-218DC7C6C175}"
EndProject
Project("{2150E333-8FDC-42A3-9474-1A3956D46DE8}") = "web", "web", "{3883E663-7F4B-AB0C-8574-CAA7A948F92C}"
EndProject
Project("{FAE04EC0-301F-11D3-BF4B-00C04F79EFBC}") = "HCS.WebGateway", "gateways\web\HCS.WebGateway\HCS.WebGateway.csproj", "{C0CE6394-BA99-E179-DEA3-A2BE92F7AABE}"
EndProject
Project("{2150E333-8FDC-42A3-9474-1A3956D46DE8}") = "auth-server", "auth-server", "{C5061A4D-43A1-63C3-35A7-B8892A4A1405}"
EndProject
Project("{FAE04EC0-301F-11D3-BF4B-00C04F79EFBC}") = "HCS.AuthServer", "apps\auth-server\HCS.AuthServer\HCS.AuthServer.csproj", "{79F465B7-B918-7817-D2F4-336EE96EFCCD}"
EndProject
Project("{FAE04EC0-301F-11D3-BF4B-00C04F79EFBC}") = "HCS.AuthServer.Tests", "apps\auth-server\HCS.AuthServer.Tests\HCS.AuthServer.Tests.csproj", "{ADDBC18A-4FED-BE84-64FF-02E70650C901}"
EndProject
Project("{2150E333-8FDC-42A3-9474-1A3956D46DE8}") = "organization", "organization", "{EECC9D9F-231C-F3F4-0AC7-F763C25E0F76}"
EndProject
Project("{FAE04EC0-301F-11D3-BF4B-00C04F79EFBC}") = "HCS.OrganizationService.Host", "services\organization\HCS.OrganizationService.Host\HCS.OrganizationService.Host.csproj", "{B3C30959-9054-690D-3059-7333B8938D37}"
EndProject
Project("{FAE04EC0-301F-11D3-BF4B-00C04F79EFBC}") = "HCS.OrganizationService", "services\organization\HCS.OrganizationService\HCS.OrganizationService.csproj", "{FC589E80-BF8D-F423-6710-F2921896411A}"
EndProject
Project("{FAE04EC0-301F-11D3-BF4B-00C04F79EFBC}") = "HCS.OrganizationService.Tests", "services\organization\HCS.OrganizationService.Tests\HCS.OrganizationService.Tests.csproj", "{B4B5C779-97EB-D21E-44B6-99DCEAFF7F0F}"
EndProject
Project("{2150E333-8FDC-42A3-9474-1A3956D46DE8}") = "collaboration", "collaboration", "{4631215D-29F7-0794-BA2E-2A6B1EF8A98B}"
EndProject
Project("{FAE04EC0-301F-11D3-BF4B-00C04F79EFBC}") = "HCS.CollaborationService.Tests", "services\collaboration\HCS.CollaborationService.Tests\HCS.CollaborationService.Tests.csproj", "{A9D92CAD-8232-8A21-1EC6-87D032625381}"
EndProject
Project("{FAE04EC0-301F-11D3-BF4B-00C04F79EFBC}") = "HCS.CollaborationService.Contracts", "services\collaboration\HCS.CollaborationService.Contracts\HCS.CollaborationService.Contracts.csproj", "{60CD380E-C410-9D0A-BEF1-2F0E18BBB9D7}"
EndProject
Project("{FAE04EC0-301F-11D3-BF4B-00C04F79EFBC}") = "HCS.CollaborationService", "services\collaboration\HCS.CollaborationService\HCS.CollaborationService.csproj", "{5291A38F-4654-2206-B749-D251DE291CFF}"
EndProject
Project("{2150E333-8FDC-42A3-9474-1A3956D46DE8}") = "work-management", "work-management", "{7E51A224-A417-2B8C-8AE3-7E8F1DF3618D}"
EndProject
Project("{FAE04EC0-301F-11D3-BF4B-00C04F79EFBC}") = "HCS.WorkManagementService", "services\work-management\HCS.WorkManagementService\HCS.WorkManagementService.csproj", "{FA9AE5BD-952D-FD8A-91C8-01077B9C1679}"
EndProject
Project("{FAE04EC0-301F-11D3-BF4B-00C04F79EFBC}") = "HCS.WorkManagementService.Tests", "services\work-management\HCS.WorkManagementService.Tests\HCS.WorkManagementService.Tests.csproj", "{4DF09FA3-A1BF-C4AD-DA53-10B9DAE325F5}"
EndProject
Project("{FAE04EC0-301F-11D3-BF4B-00C04F79EFBC}") = "HCS.WorkManagementService.Contracts", "services\work-management\HCS.WorkManagementService.Contracts\HCS.WorkManagementService.Contracts.csproj", "{32F94118-A140-38B1-5393-46033C95F34E}"
EndProject
Project("{2150E333-8FDC-42A3-9474-1A3956D46DE8}") = "platform", "platform", "{F8F6F515-F4E8-C7DB-4759-7A6A4774FFD8}"
EndProject
Project("{FAE04EC0-301F-11D3-BF4B-00C04F79EFBC}") = "HCS.PlatformService", "services\platform\HCS.PlatformService\HCS.PlatformService.csproj", "{AC0D2543-481F-21EF-1CED-9C61A6D76ABB}"
EndProject
Project("{2150E333-8FDC-42A3-9474-1A3956D46DE8}") = "document", "document", "{94831EEB-AC07-2D24-CD83-48DBFFB6B12B}"
EndProject
Project("{FAE04EC0-301F-11D3-BF4B-00C04F79EFBC}") = "HCS.DocumentService", "services\document\HCS.DocumentService\HCS.DocumentService.csproj", "{E5BE2555-BEF6-1FEA-BA31-2409AD384476}"
EndProject
Project("{FAE04EC0-301F-11D3-BF4B-00C04F79EFBC}") = "HCS.DocumentService.Tests", "services\document\HCS.DocumentService.Tests\HCS.DocumentService.Tests.csproj", "{914E8F85-6873-3E33-D6E2-7A25C334DA40}"
EndProject
Project("{FAE04EC0-301F-11D3-BF4B-00C04F79EFBC}") = "HCS.DocumentService.Contracts", "services\document\HCS.DocumentService.Contracts\HCS.DocumentService.Contracts.csproj", "{2C3BCD2C-ADCF-F5D2-3959-5C6B68E10B73}"
EndProject
Project("{2150E333-8FDC-42A3-9474-1A3956D46DE8}") = "HCS.WebGateway (1)", "HCS.WebGateway (1)", "{2113CBD1-BE61-20F2-477B-A1BB461A5B24}"
EndProject
Project("{FAE04EC0-301F-11D3-BF4B-00C04F79EFBC}") = "HCS.WebGateway.Tests", "gateways\web\HCS.WebGateway\HCS.WebGateway.Tests\HCS.WebGateway.Tests.csproj", "{B70D6330-649A-35B0-4060-E7B3AD7F7096}"
EndProject
Global
	GlobalSection(SolutionConfigurationPlatforms) = preSolution
		Debug|Any CPU = Debug|Any CPU
		Release|Any CPU = Release|Any CPU
	EndGlobalSection
	GlobalSection(ProjectConfigurationPlatforms) = postSolution
		{F99453F7-521E-AABF-058C-8CA04FDF21B4}.Debug|Any CPU.ActiveCfg = Debug|Any CPU
		{F99453F7-521E-AABF-058C-8CA04FDF21B4}.Debug|Any CPU.Build.0 = Debug|Any CPU
		{F99453F7-521E-AABF-058C-8CA04FDF21B4}.Release|Any CPU.ActiveCfg = Release|Any CPU
		{F99453F7-521E-AABF-058C-8CA04FDF21B4}.Release|Any CPU.Build.0 = Release|Any CPU
		{E3C818C9-0355-EE75-0AD1-5C08EE6ECDA5}.Debug|Any CPU.ActiveCfg = Debug|Any CPU
		{E3C818C9-0355-EE75-0AD1-5C08EE6ECDA5}.Debug|Any CPU.Build.0 = Debug|Any CPU
		{E3C818C9-0355-EE75-0AD1-5C08EE6ECDA5}.Release|Any CPU.ActiveCfg = Release|Any CPU
		{E3C818C9-0355-EE75-0AD1-5C08EE6ECDA5}.Release|Any CPU.Build.0 = Release|Any CPU
		{B652CDAD-D68E-C3F3-E2EB-AE1E083AC4AC}.Debug|Any CPU.ActiveCfg = Debug|Any CPU
		{B652CDAD-D68E-C3F3-E2EB-AE1E083AC4AC}.Debug|Any CPU.Build.0 = Debug|Any CPU
		{B652CDAD-D68E-C3F3-E2EB-AE1E083AC4AC}.Release|Any CPU.ActiveCfg = Release|Any CPU
		{B652CDAD-D68E-C3F3-E2EB-AE1E083AC4AC}.Release|Any CPU.Build.0 = Release|Any CPU
		{E2927AF9-179C-ACB3-11FB-003C4DAE7885}.Debug|Any CPU.ActiveCfg = Debug|Any CPU
		{E2927AF9-179C-ACB3-11FB-003C4DAE7885}.Debug|Any CPU.Build.0 = Debug|Any CPU
		{E2927AF9-179C-ACB3-11FB-003C4DAE7885}.Release|Any CPU.ActiveCfg = Release|Any CPU
		{E2927AF9-179C-ACB3-11FB-003C4DAE7885}.Release|Any CPU.Build.0 = Release|Any CPU
		{6169333B-CEF1-D68C-267D-016734E5CE97}.Debug|Any CPU.ActiveCfg = Debug|Any CPU
		{6169333B-CEF1-D68C-267D-016734E5CE97}.Debug|Any CPU.Build.0 = Debug|Any CPU
		{6169333B-CEF1-D68C-267D-016734E5CE97}.Release|Any CPU.ActiveCfg = Release|Any CPU
		{6169333B-CEF1-D68C-267D-016734E5CE97}.Release|Any CPU.Build.0 = Release|Any CPU
		{8DE7E791-1BA2-54C2-36AA-833AD4B3BBAD}.Debug|Any CPU.ActiveCfg = Debug|Any CPU
		{8DE7E791-1BA2-54C2-36AA-833AD4B3BBAD}.Debug|Any CPU.Build.0 = Debug|Any CPU
		{8DE7E791-1BA2-54C2-36AA-833AD4B3BBAD}.Release|Any CPU.ActiveCfg = Release|Any CPU
		{8DE7E791-1BA2-54C2-36AA-833AD4B3BBAD}.Release|Any CPU.Build.0 = Release|Any CPU
		{CF8E0C92-95AE-C420-0A84-4DAC3EC32BBE}.Debug|Any CPU.ActiveCfg = Debug|Any CPU
		{CF8E0C92-95AE-C420-0A84-4DAC3EC32BBE}.Debug|Any CPU.Build.0 = Debug|Any CPU
		{CF8E0C92-95AE-C420-0A84-4DAC3EC32BBE}.Release|Any CPU.ActiveCfg = Release|Any CPU
		{CF8E0C92-95AE-C420-0A84-4DAC3EC32BBE}.Release|Any CPU.Build.0 = Release|Any CPU
		{F81A4D7D-E562-B6F6-FC34-DEBEF93145A7}.Debug|Any CPU.ActiveCfg = Debug|Any CPU
		{F81A4D7D-E562-B6F6-FC34-DEBEF93145A7}.Debug|Any CPU.Build.0 = Debug|Any CPU
		{F81A4D7D-E562-B6F6-FC34-DEBEF93145A7}.Release|Any CPU.ActiveCfg = Release|Any CPU
		{F81A4D7D-E562-B6F6-FC34-DEBEF93145A7}.Release|Any CPU.Build.0 = Release|Any CPU
		{9827A0AC-E50A-977B-2886-2CDBEC0FD669}.Debug|Any CPU.ActiveCfg = Debug|Any CPU
		{9827A0AC-E50A-977B-2886-2CDBEC0FD669}.Debug|Any CPU.Build.0 = Debug|Any CPU
		{9827A0AC-E50A-977B-2886-2CDBEC0FD669}.Release|Any CPU.ActiveCfg = Release|Any CPU
		{9827A0AC-E50A-977B-2886-2CDBEC0FD669}.Release|Any CPU.Build.0 = Release|Any CPU
		{3E8719D6-6156-DC46-28A2-5E79D5006504}.Debug|Any CPU.ActiveCfg = Debug|Any CPU
		{3E8719D6-6156-DC46-28A2-5E79D5006504}.Debug|Any CPU.Build.0 = Debug|Any CPU
		{3E8719D6-6156-DC46-28A2-5E79D5006504}.Release|Any CPU.ActiveCfg = Release|Any CPU
		{3E8719D6-6156-DC46-28A2-5E79D5006504}.Release|Any CPU.Build.0 = Release|Any CPU
		{C5DFE5C4-B54B-42A0-4265-B251650BF38A}.Debug|Any CPU.ActiveCfg = Debug|Any CPU
		{C5DFE5C4-B54B-42A0-4265-B251650BF38A}.Debug|Any CPU.Build.0 = Debug|Any CPU
		{C5DFE5C4-B54B-42A0-4265-B251650BF38A}.Release|Any CPU.ActiveCfg = Release|Any CPU
		{C5DFE5C4-B54B-42A0-4265-B251650BF38A}.Release|Any CPU.Build.0 = Release|Any CPU
		{C684CB1E-3A4D-145F-6C35-E5484F1DDCD2}.Debug|Any CPU.ActiveCfg = Debug|Any CPU
		{C684CB1E-3A4D-145F-6C35-E5484F1DDCD2}.Debug|Any CPU.Build.0 = Debug|Any CPU
		{C684CB1E-3A4D-145F-6C35-E5484F1DDCD2}.Release|Any CPU.ActiveCfg = Release|Any CPU
		{C684CB1E-3A4D-145F-6C35-E5484F1DDCD2}.Release|Any CPU.Build.0 = Release|Any CPU
		{FF99E4B1-2192-9AB8-16F4-AEC3DBB761F0}.Debug|Any CPU.ActiveCfg = Debug|Any CPU
		{FF99E4B1-2192-9AB8-16F4-AEC3DBB761F0}.Debug|Any CPU.Build.0 = Debug|Any CPU
		{FF99E4B1-2192-9AB8-16F4-AEC3DBB761F0}.Release|Any CPU.ActiveCfg = Release|Any CPU
		{FF99E4B1-2192-9AB8-16F4-AEC3DBB761F0}.Release|Any CPU.Build.0 = Release|Any CPU
		{1E9E9D4D-0870-4EFE-455E-E5668FC89E0C}.Debug|Any CPU.ActiveCfg = Debug|Any CPU
		{1E9E9D4D-0870-4EFE-455E-E5668FC89E0C}.Debug|Any CPU.Build.0 = Debug|Any CPU
		{1E9E9D4D-0870-4EFE-455E-E5668FC89E0C}.Release|Any CPU.ActiveCfg = Release|Any CPU
		{1E9E9D4D-0870-4EFE-455E-E5668FC89E0C}.Release|Any CPU.Build.0 = Release|Any CPU
		{BB0DE591-BB63-A21B-28F8-143429CB5688}.Debug|Any CPU.ActiveCfg = Debug|Any CPU
		{BB0DE591-BB63-A21B-28F8-143429CB5688}.Debug|Any CPU.Build.0 = Debug|Any CPU
		{BB0DE591-BB63-A21B-28F8-143429CB5688}.Release|Any CPU.ActiveCfg = Release|Any CPU
		{BB0DE591-BB63-A21B-28F8-143429CB5688}.Release|Any CPU.Build.0 = Release|Any CPU
		{F96F0657-B11D-46BD-7EBA-B748C031F821}.Debug|Any CPU.ActiveCfg = Debug|Any CPU
		{F96F0657-B11D-46BD-7EBA-B748C031F821}.Debug|Any CPU.Build.0 = Debug|Any CPU
		{F96F0657-B11D-46BD-7EBA-B748C031F821}.Release|Any CPU.ActiveCfg = Release|Any CPU
		{F96F0657-B11D-46BD-7EBA-B748C031F821}.Release|Any CPU.Build.0 = Release|Any CPU
		{19797251-EB31-8027-7816-8B4FBF551D00}.Debug|Any CPU.ActiveCfg = Debug|Any CPU
		{19797251-EB31-8027-7816-8B4FBF551D00}.Debug|Any CPU.Build.0 = Debug|Any CPU
		{19797251-EB31-8027-7816-8B4FBF551D00}.Release|Any CPU.ActiveCfg = Release|Any CPU
		{19797251-EB31-8027-7816-8B4FBF551D00}.Release|Any CPU.Build.0 = Release|Any CPU
		{E81743FA-FDD1-010C-5013-218DC7C6C175}.Debug|Any CPU.ActiveCfg = Debug|Any CPU
		{E81743FA-FDD1-010C-5013-218DC7C6C175}.Debug|Any CPU.Build.0 = Debug|Any CPU
		{E81743FA-FDD1-010C-5013-218DC7C6C175}.Release|Any CPU.ActiveCfg = Release|Any CPU
		{E81743FA-FDD1-010C-5013-218DC7C6C175}.Release|Any CPU.Build.0 = Release|Any CPU
		{C0CE6394-BA99-E179-DEA3-A2BE92F7AABE}.Debug|Any CPU.ActiveCfg = Debug|Any CPU
		{C0CE6394-BA99-E179-DEA3-A2BE92F7AABE}.Debug|Any CPU.Build.0 = Debug|Any CPU
		{C0CE6394-BA99-E179-DEA3-A2BE92F7AABE}.Release|Any CPU.ActiveCfg = Release|Any CPU
		{C0CE6394-BA99-E179-DEA3-A2BE92F7AABE}.Release|Any CPU.Build.0 = Release|Any CPU
		{79F465B7-B918-7817-D2F4-336EE96EFCCD}.Debug|Any CPU.ActiveCfg = Debug|Any CPU
		{79F465B7-B918-7817-D2F4-336EE96EFCCD}.Debug|Any CPU.Build.0 = Debug|Any CPU
		{79F465B7-B918-7817-D2F4-336EE96EFCCD}.Release|Any CPU.ActiveCfg = Release|Any CPU
		{79F465B7-B918-7817-D2F4-336EE96EFCCD}.Release|Any CPU.Build.0 = Release|Any CPU
		{ADDBC18A-4FED-BE84-64FF-02E70650C901}.Debug|Any CPU.ActiveCfg = Debug|Any CPU
		{ADDBC18A-4FED-BE84-64FF-02E70650C901}.Debug|Any CPU.Build.0 = Debug|Any CPU
		{ADDBC18A-4FED-BE84-64FF-02E70650C901}.Release|Any CPU.ActiveCfg = Release|Any CPU
		{ADDBC18A-4FED-BE84-64FF-02E70650C901}.Release|Any CPU.Build.0 = Release|Any CPU
		{B3C30959-9054-690D-3059-7333B8938D37}.Debug|Any CPU.ActiveCfg = Debug|Any CPU
		{B3C30959-9054-690D-3059-7333B8938D37}.Debug|Any CPU.Build.0 = Debug|Any CPU
		{B3C30959-9054-690D-3059-7333B8938D37}.Release|Any CPU.ActiveCfg = Release|Any CPU
		{B3C30959-9054-690D-3059-7333B8938D37}.Release|Any CPU.Build.0 = Release|Any CPU
		{FC589E80-BF8D-F423-6710-F2921896411A}.Debug|Any CPU.ActiveCfg = Debug|Any CPU
		{FC589E80-BF8D-F423-6710-F2921896411A}.Debug|Any CPU.Build.0 = Debug|Any CPU
		{FC589E80-BF8D-F423-6710-F2921896411A}.Release|Any CPU.ActiveCfg = Release|Any CPU
		{FC589E80-BF8D-F423-6710-F2921896411A}.Release|Any CPU.Build.0 = Release|Any CPU
		{B4B5C779-97EB-D21E-44B6-99DCEAFF7F0F}.Debug|Any CPU.ActiveCfg = Debug|Any CPU
		{B4B5C779-97EB-D21E-44B6-99DCEAFF7F0F}.Debug|Any CPU.Build.0 = Debug|Any CPU
		{B4B5C779-97EB-D21E-44B6-99DCEAFF7F0F}.Release|Any CPU.ActiveCfg = Release|Any CPU
		{B4B5C779-97EB-D21E-44B6-99DCEAFF7F0F}.Release|Any CPU.Build.0 = Release|Any CPU
		{A9D92CAD-8232-8A21-1EC6-87D032625381}.Debug|Any CPU.ActiveCfg = Debug|Any CPU
		{A9D92CAD-8232-8A21-1EC6-87D032625381}.Debug|Any CPU.Build.0 = Debug|Any CPU
		{A9D92CAD-8232-8A21-1EC6-87D032625381}.Release|Any CPU.ActiveCfg = Release|Any CPU
		{A9D92CAD-8232-8A21-1EC6-87D032625381}.Release|Any CPU.Build.0 = Release|Any CPU
		{60CD380E-C410-9D0A-BEF1-2F0E18BBB9D7}.Debug|Any CPU.ActiveCfg = Debug|Any CPU
		{60CD380E-C410-9D0A-BEF1-2F0E18BBB9D7}.Debug|Any CPU.Build.0 = Debug|Any CPU
		{60CD380E-C410-9D0A-BEF1-2F0E18BBB9D7}.Release|Any CPU.ActiveCfg = Release|Any CPU
		{60CD380E-C410-9D0A-BEF1-2F0E18BBB9D7}.Release|Any CPU.Build.0 = Release|Any CPU
		{5291A38F-4654-2206-B749-D251DE291CFF}.Debug|Any CPU.ActiveCfg = Debug|Any CPU
		{5291A38F-4654-2206-B749-D251DE291CFF}.Debug|Any CPU.Build.0 = Debug|Any CPU
		{5291A38F-4654-2206-B749-D251DE291CFF}.Release|Any CPU.ActiveCfg = Release|Any CPU
		{5291A38F-4654-2206-B749-D251DE291CFF}.Release|Any CPU.Build.0 = Release|Any CPU
		{FA9AE5BD-952D-FD8A-91C8-01077B9C1679}.Debug|Any CPU.ActiveCfg = Debug|Any CPU
		{FA9AE5BD-952D-FD8A-91C8-01077B9C1679}.Debug|Any CPU.Build.0 = Debug|Any CPU
		{FA9AE5BD-952D-FD8A-91C8-01077B9C1679}.Release|Any CPU.ActiveCfg = Release|Any CPU
		{FA9AE5BD-952D-FD8A-91C8-01077B9C1679}.Release|Any CPU.Build.0 = Release|Any CPU
		{4DF09FA3-A1BF-C4AD-DA53-10B9DAE325F5}.Debug|Any CPU.ActiveCfg = Debug|Any CPU
		{4DF09FA3-A1BF-C4AD-DA53-10B9DAE325F5}.Debug|Any CPU.Build.0 = Debug|Any CPU
		{4DF09FA3-A1BF-C4AD-DA53-10B9DAE325F5}.Release|Any CPU.ActiveCfg = Release|Any CPU
		{4DF09FA3-A1BF-C4AD-DA53-10B9DAE325F5}.Release|Any CPU.Build.0 = Release|Any CPU
		{32F94118-A140-38B1-5393-46033C95F34E}.Debug|Any CPU.ActiveCfg = Debug|Any CPU
		{32F94118-A140-38B1-5393-46033C95F34E}.Debug|Any CPU.Build.0 = Debug|Any CPU
		{32F94118-A140-38B1-5393-46033C95F34E}.Release|Any CPU.ActiveCfg = Release|Any CPU
		{32F94118-A140-38B1-5393-46033C95F34E}.Release|Any CPU.Build.0 = Release|Any CPU
		{AC0D2543-481F-21EF-1CED-9C61A6D76ABB}.Debug|Any CPU.ActiveCfg = Debug|Any CPU
		{AC0D2543-481F-21EF-1CED-9C61A6D76ABB}.Debug|Any CPU.Build.0 = Debug|Any CPU
		{AC0D2543-481F-21EF-1CED-9C61A6D76ABB}.Release|Any CPU.ActiveCfg = Release|Any CPU
		{AC0D2543-481F-21EF-1CED-9C61A6D76ABB}.Release|Any CPU.Build.0 = Release|Any CPU
		{E5BE2555-BEF6-1FEA-BA31-2409AD384476}.Debug|Any CPU.ActiveCfg = Debug|Any CPU
		{E5BE2555-BEF6-1FEA-BA31-2409AD384476}.Debug|Any CPU.Build.0 = Debug|Any CPU
		{E5BE2555-BEF6-1FEA-BA31-2409AD384476}.Release|Any CPU.ActiveCfg = Release|Any CPU
		{E5BE2555-BEF6-1FEA-BA31-2409AD384476}.Release|Any CPU.Build.0 = Release|Any CPU
		{914E8F85-6873-3E33-D6E2-7A25C334DA40}.Debug|Any CPU.ActiveCfg = Debug|Any CPU
		{914E8F85-6873-3E33-D6E2-7A25C334DA40}.Debug|Any CPU.Build.0 = Debug|Any CPU
		{914E8F85-6873-3E33-D6E2-7A25C334DA40}.Release|Any CPU.ActiveCfg = Release|Any CPU
		{914E8F85-6873-3E33-D6E2-7A25C334DA40}.Release|Any CPU.Build.0 = Release|Any CPU
		{2C3BCD2C-ADCF-F5D2-3959-5C6B68E10B73}.Debug|Any CPU.ActiveCfg = Debug|Any CPU
		{2C3BCD2C-ADCF-F5D2-3959-5C6B68E10B73}.Debug|Any CPU.Build.0 = Debug|Any CPU
		{2C3BCD2C-ADCF-F5D2-3959-5C6B68E10B73}.Release|Any CPU.ActiveCfg = Release|Any CPU
		{2C3BCD2C-ADCF-F5D2-3959-5C6B68E10B73}.Release|Any CPU.Build.0 = Release|Any CPU
		{B70D6330-649A-35B0-4060-E7B3AD7F7096}.Debug|Any CPU.ActiveCfg = Debug|Any CPU
		{B70D6330-649A-35B0-4060-E7B3AD7F7096}.Debug|Any CPU.Build.0 = Debug|Any CPU
		{B70D6330-649A-35B0-4060-E7B3AD7F7096}.Release|Any CPU.ActiveCfg = Release|Any CPU
		{B70D6330-649A-35B0-4060-E7B3AD7F7096}.Release|Any CPU.Build.0 = Release|Any CPU
	EndGlobalSection
	GlobalSection(SolutionProperties) = preSolution
		HideSolutionNode = FALSE
	EndGlobalSection
	GlobalSection(NestedProjects) = preSolution
		{F99453F7-521E-AABF-058C-8CA04FDF21B4} = {07C2787E-EAC7-C090-1BA3-A61EC2A24D84}
		{E3C818C9-0355-EE75-0AD1-5C08EE6ECDA5} = {0C88DD14-F956-CE84-757C-A364CCF449FC}
		{B652CDAD-D68E-C3F3-E2EB-AE1E083AC4AC} = {0C88DD14-F956-CE84-757C-A364CCF449FC}
		{E2927AF9-179C-ACB3-11FB-003C4DAE7885} = {0C88DD14-F956-CE84-757C-A364CCF449FC}
		{6169333B-CEF1-D68C-267D-016734E5CE97} = {0C88DD14-F956-CE84-757C-A364CCF449FC}
		{8DE7E791-1BA2-54C2-36AA-833AD4B3BBAD} = {0C88DD14-F956-CE84-757C-A364CCF449FC}
		{CF8E0C92-95AE-C420-0A84-4DAC3EC32BBE} = {31CBEB51-93DC-9CA1-DA8D-67643319BEE1}
		{F81A4D7D-E562-B6F6-FC34-DEBEF93145A7} = {827E0CD3-B72D-47B6-A68D-7590B98EB39B}
		{9827A0AC-E50A-977B-2886-2CDBEC0FD669} = {827E0CD3-B72D-47B6-A68D-7590B98EB39B}
		{3E8719D6-6156-DC46-28A2-5E79D5006504} = {827E0CD3-B72D-47B6-A68D-7590B98EB39B}
		{C5DFE5C4-B54B-42A0-4265-B251650BF38A} = {827E0CD3-B72D-47B6-A68D-7590B98EB39B}
		{C684CB1E-3A4D-145F-6C35-E5484F1DDCD2} = {827E0CD3-B72D-47B6-A68D-7590B98EB39B}
		{FF99E4B1-2192-9AB8-16F4-AEC3DBB761F0} = {827E0CD3-B72D-47B6-A68D-7590B98EB39B}
		{1E9E9D4D-0870-4EFE-455E-E5668FC89E0C} = {827E0CD3-B72D-47B6-A68D-7590B98EB39B}
		{BB0DE591-BB63-A21B-28F8-143429CB5688} = {827E0CD3-B72D-47B6-A68D-7590B98EB39B}
		{F96F0657-B11D-46BD-7EBA-B748C031F821} = {827E0CD3-B72D-47B6-A68D-7590B98EB39B}
		{19797251-EB31-8027-7816-8B4FBF551D00} = {827E0CD3-B72D-47B6-A68D-7590B98EB39B}
		{B7C969CC-84B1-BDF2-E6A5-A354D38309CF} = {07C2787E-EAC7-C090-1BA3-A61EC2A24D84}
		{E81743FA-FDD1-010C-5013-218DC7C6C175} = {B7C969CC-84B1-BDF2-E6A5-A354D38309CF}
		{3883E663-7F4B-AB0C-8574-CAA7A948F92C} = {C3A202AD-EADD-4864-49DF-ED20E2971546}
		{C0CE6394-BA99-E179-DEA3-A2BE92F7AABE} = {3883E663-7F4B-AB0C-8574-CAA7A948F92C}
		{C5061A4D-43A1-63C3-35A7-B8892A4A1405} = {1787FE1D-075E-9E68-7218-25F1BD1BBEAB}
		{79F465B7-B918-7817-D2F4-336EE96EFCCD} = {C5061A4D-43A1-63C3-35A7-B8892A4A1405}
		{ADDBC18A-4FED-BE84-64FF-02E70650C901} = {C5061A4D-43A1-63C3-35A7-B8892A4A1405}
		{EECC9D9F-231C-F3F4-0AC7-F763C25E0F76} = {5854FF58-B8C5-05C6-5BF2-ACE42193F22B}
		{B3C30959-9054-690D-3059-7333B8938D37} = {EECC9D9F-231C-F3F4-0AC7-F763C25E0F76}
		{FC589E80-BF8D-F423-6710-F2921896411A} = {EECC9D9F-231C-F3F4-0AC7-F763C25E0F76}
		{B4B5C779-97EB-D21E-44B6-99DCEAFF7F0F} = {EECC9D9F-231C-F3F4-0AC7-F763C25E0F76}
		{4631215D-29F7-0794-BA2E-2A6B1EF8A98B} = {5854FF58-B8C5-05C6-5BF2-ACE42193F22B}
		{A9D92CAD-8232-8A21-1EC6-87D032625381} = {4631215D-29F7-0794-BA2E-2A6B1EF8A98B}
		{60CD380E-C410-9D0A-BEF1-2F0E18BBB9D7} = {4631215D-29F7-0794-BA2E-2A6B1EF8A98B}
		{5291A38F-4654-2206-B749-D251DE291CFF} = {4631215D-29F7-0794-BA2E-2A6B1EF8A98B}
		{7E51A224-A417-2B8C-8AE3-7E8F1DF3618D} = {5854FF58-B8C5-05C6-5BF2-ACE42193F22B}
		{FA9AE5BD-952D-FD8A-91C8-01077B9C1679} = {7E51A224-A417-2B8C-8AE3-7E8F1DF3618D}
		{4DF09FA3-A1BF-C4AD-DA53-10B9DAE325F5} = {7E51A224-A417-2B8C-8AE3-7E8F1DF3618D}
		{32F94118-A140-38B1-5393-46033C95F34E} = {7E51A224-A417-2B8C-8AE3-7E8F1DF3618D}
		{F8F6F515-F4E8-C7DB-4759-7A6A4774FFD8} = {5854FF58-B8C5-05C6-5BF2-ACE42193F22B}
		{AC0D2543-481F-21EF-1CED-9C61A6D76ABB} = {F8F6F515-F4E8-C7DB-4759-7A6A4774FFD8}
		{94831EEB-AC07-2D24-CD83-48DBFFB6B12B} = {5854FF58-B8C5-05C6-5BF2-ACE42193F22B}
		{E5BE2555-BEF6-1FEA-BA31-2409AD384476} = {94831EEB-AC07-2D24-CD83-48DBFFB6B12B}
		{914E8F85-6873-3E33-D6E2-7A25C334DA40} = {94831EEB-AC07-2D24-CD83-48DBFFB6B12B}
		{2C3BCD2C-ADCF-F5D2-3959-5C6B68E10B73} = {94831EEB-AC07-2D24-CD83-48DBFFB6B12B}
		{2113CBD1-BE61-20F2-477B-A1BB461A5B24} = {3883E663-7F4B-AB0C-8574-CAA7A948F92C}
		{B70D6330-649A-35B0-4060-E7B3AD7F7096} = {2113CBD1-BE61-20F2-477B-A1BB461A5B24}
	EndGlobalSection
	GlobalSection(ExtensibilityGlobals) = postSolution
		SolutionGuid = {7AF27252-FCBE-47EC-A627-2EA715240CBC}
	EndGlobalSection
EndGlobal
