<Solution>
  <Configurations>
    <Platform Name="Any CPU" />
    <Platform Name="x64" />
    <Platform Name="x86" />
  </Configurations>

  <Project Path="hanhchinhso.AuditLoggingService/hanhchinhso.AuditLoggingService.csproj" />
  <Project Path="hanhchinhso.AuditLoggingService.Contracts/hanhchinhso.AuditLoggingService.Contracts.csproj" />
  <Project Path="hanhchinhso.AuditLoggingService.Tests/hanhchinhso.AuditLoggingService.Tests.csproj" />
</Solution>
