<Solution>
  <Configurations>
    <Platform Name="Any CPU" />
    <Platform Name="x64" />
    <Platform Name="x86" />
  </Configurations>

  <Project Path="hanhchinhso.AdministrationService/hanhchinhso.AdministrationService.csproj" />
  <Project Path="hanhchinhso.AdministrationService.Contracts/hanhchinhso.AdministrationService.Contracts.csproj" />
  <Project Path="hanhchinhso.AdministrationService.Tests/hanhchinhso.AdministrationService.Tests.csproj" />
</Solution>
